// !$*UTF8*$!
{
	archiveVersion = 1;
	classes = {
	};
	objectVersion = 55;
	objects = {

/* Begin PBXBuildFile section */
		8DBB2CEE2893A60C00E77F4F /* AppDelegate.swift in Sources */ = {isa = PBXBuildFile; fileRef = 8DBB2CED2893A60C00E77F4F /* AppDelegate.swift */; };
		8DBB2CF02893A60C00E77F4F /* SceneDelegate.swift in Sources */ = {isa = PBXBuildFile; fileRef = 8DBB2CEF2893A60C00E77F4F /* SceneDelegate.swift */; };
		8DBB2CF52893A60C00E77F4F /* Main.storyboard in Resources */ = {isa = PBXBuildFile; fileRef = 8DBB2CF32893A60C00E77F4F /* Main.storyboard */; };
		8DBB2CF72893A60D00E77F4F /* Assets.xcassets in Resources */ = {isa = PBXBuildFile; fileRef = 8DBB2CF62893A60D00E77F4F /* Assets.xcassets */; };
		8DBB2CFA2893A60D00E77F4F /* LaunchScreen.storyboard in Resources */ = {isa = PBXBuildFile; fileRef = 8DBB2CF82893A60D00E77F4F /* LaunchScreen.storyboard */; };
		8DBB2D052893A65400E77F4F /* Api.swift in Sources */ = {isa = PBXBuildFile; fileRef = 8DBB2D042893A65400E77F4F /* Api.swift */; };
		8DBB2D082893A86900E77F4F /* Constants.swift in Sources */ = {isa = PBXBuildFile; fileRef = 8DBB2D072893A86900E77F4F /* Constants.swift */; };
		8DBB2D0A2893A90600E77F4F /* Environment.swift in Sources */ = {isa = PBXBuildFile; fileRef = 8DBB2D092893A90600E77F4F /* Environment.swift */; };
		8DBB2D0C2893AD3F00E77F4F /* NYErrors.swift in Sources */ = {isa = PBXBuildFile; fileRef = 8DBB2D0B2893AD3F00E77F4F /* NYErrors.swift */; };
		8DBB2D0F2893AF4400E77F4F /* Article.swift in Sources */ = {isa = PBXBuildFile; fileRef = 8DBB2D0E2893AF4400E77F4F /* Article.swift */; };
		8DBB2D122893B1C500E77F4F /* ArticleViewModel.swift in Sources */ = {isa = PBXBuildFile; fileRef = 8DBB2D112893B1C500E77F4F /* ArticleViewModel.swift */; };
		8DBB2D152893B39200E77F4F /* GenericTableViewDataSource.swift in Sources */ = {isa = PBXBuildFile; fileRef = 8DBB2D142893B39200E77F4F /* GenericTableViewDataSource.swift */; };
		8DBB2D1C2893B41500E77F4F /* ArticleTableViewCell.swift in Sources */ = {isa = PBXBuildFile; fileRef = 8DBB2D1B2893B41500E77F4F /* ArticleTableViewCell.swift */; };
		8DBB2D1E2893B48400E77F4F /* ArticleListViewController.swift in Sources */ = {isa = PBXBuildFile; fileRef = 8DBB2D1D2893B48400E77F4F /* ArticleListViewController.swift */; };
		8DBB2D222893B6F000E77F4F /* UIImageView+Download Extension.swift in Sources */ = {isa = PBXBuildFile; fileRef = 8DBB2D212893B6F000E77F4F /* UIImageView+Download Extension.swift */; };
		8DBB2D252893B8AB00E77F4F /* ArticleApi.swift in Sources */ = {isa = PBXBuildFile; fileRef = 8DBB2D242893B8AB00E77F4F /* ArticleApi.swift */; };
		8DBB2D272893CBCD00E77F4F /* UIView+IBInspectable.swift in Sources */ = {isa = PBXBuildFile; fileRef = 8DBB2D262893CBCD00E77F4F /* UIView+IBInspectable.swift */; };
		8DDB58A628964758001A97A1 /* ArticleDetailViewController.swift in Sources */ = {isa = PBXBuildFile; fileRef = 8DDB58A528964758001A97A1 /* ArticleDetailViewController.swift */; };
		8DDB58A828968818001A97A1 /* UIViewController+Alert.swift in Sources */ = {isa = PBXBuildFile; fileRef = 8DDB58A728968818001A97A1 /* UIViewController+Alert.swift */; };
		8DDB58B028969C00001A97A1 /* ArticleAppTests.swift in Sources */ = {isa = PBXBuildFile; fileRef = 8DDB58AF28969C00001A97A1 /* ArticleAppTests.swift */; };
		8DDB58B62896AE2E001A97A1 /* ArticleViewModel.swift in Sources */ = {isa = PBXBuildFile; fileRef = 8DBB2D112893B1C500E77F4F /* ArticleViewModel.swift */; };
		8DDB58B72896AE9F001A97A1 /* ArticleApi.swift in Sources */ = {isa = PBXBuildFile; fileRef = 8DBB2D242893B8AB00E77F4F /* ArticleApi.swift */; };
		8DDB58B82896AEAF001A97A1 /* NYErrors.swift in Sources */ = {isa = PBXBuildFile; fileRef = 8DBB2D0B2893AD3F00E77F4F /* NYErrors.swift */; };
		8DDB58B92896AEC1001A97A1 /* Api.swift in Sources */ = {isa = PBXBuildFile; fileRef = 8DBB2D042893A65400E77F4F /* Api.swift */; };
		8DDB58BA2896AEE4001A97A1 /* Constants.swift in Sources */ = {isa = PBXBuildFile; fileRef = 8DBB2D072893A86900E77F4F /* Constants.swift */; };
		8DDB58BB2896AEE6001A97A1 /* Environment.swift in Sources */ = {isa = PBXBuildFile; fileRef = 8DBB2D092893A90600E77F4F /* Environment.swift */; };
		8DDB58BC2896AEEB001A97A1 /* GenericTableViewDataSource.swift in Sources */ = {isa = PBXBuildFile; fileRef = 8DBB2D142893B39200E77F4F /* GenericTableViewDataSource.swift */; };
		8DDB58BD2896AEF1001A97A1 /* Article.swift in Sources */ = {isa = PBXBuildFile; fileRef = 8DBB2D0E2893AF4400E77F4F /* Article.swift */; };
		8DDB58BE2896AEF3001A97A1 /* ArticleTableViewCell.swift in Sources */ = {isa = PBXBuildFile; fileRef = 8DBB2D1B2893B41500E77F4F /* ArticleTableViewCell.swift */; };
		8DDB58BF2896AEF6001A97A1 /* ArticleListViewController.swift in Sources */ = {isa = PBXBuildFile; fileRef = 8DBB2D1D2893B48400E77F4F /* ArticleListViewController.swift */; };
		8DDB58C02896AEFD001A97A1 /* ArticleDetailViewController.swift in Sources */ = {isa = PBXBuildFile; fileRef = 8DDB58A528964758001A97A1 /* ArticleDetailViewController.swift */; };
		8DDB58C12896AF06001A97A1 /* UIViewController+Alert.swift in Sources */ = {isa = PBXBuildFile; fileRef = 8DDB58A728968818001A97A1 /* UIViewController+Alert.swift */; };
		8DDB58C22896AF0A001A97A1 /* UIView+IBInspectable.swift in Sources */ = {isa = PBXBuildFile; fileRef = 8DBB2D262893CBCD00E77F4F /* UIView+IBInspectable.swift */; };
		8DDB58C32896AF0C001A97A1 /* UIImageView+Download Extension.swift in Sources */ = {isa = PBXBuildFile; fileRef = 8DBB2D212893B6F000E77F4F /* UIImageView+Download Extension.swift */; };
		8DDB58C52896B25E001A97A1 /* ArticlListTests.swift in Sources */ = {isa = PBXBuildFile; fileRef = 8DDB58C42896B25E001A97A1 /* ArticlListTests.swift */; };
		B27EE5C91253A5F7A4B2D608 /* Pods_ArticleApp.framework in Frameworks */ = {isa = PBXBuildFile; fileRef = 550386CCA906369B3A5765E5 /* Pods_ArticleApp.framework */; };
		FA0355CC34EDF7F2791C50CB /* Pods_ArticleAppTests.framework in Frameworks */ = {isa = PBXBuildFile; fileRef = 294E9732A4B533569271D2E3 /* Pods_ArticleAppTests.framework */; };
/* End PBXBuildFile section */

/* Begin PBXContainerItemProxy section */
		8DDB58B128969C00001A97A1 /* PBXContainerItemProxy */ = {
			isa = PBXContainerItemProxy;
			containerPortal = 8DBB2CE22893A60C00E77F4F /* Project object */;
			proxyType = 1;
			remoteGlobalIDString = 8DBB2CE92893A60C00E77F4F;
			remoteInfo = ArticleApp;
		};
/* End PBXContainerItemProxy section */

/* Begin PBXFileReference section */
		294E9732A4B533569271D2E3 /* Pods_ArticleAppTests.framework */ = {isa = PBXFileReference; explicitFileType = wrapper.framework; includeInIndex = 0; path = Pods_ArticleAppTests.framework; sourceTree = BUILT_PRODUCTS_DIR; };
		550386CCA906369B3A5765E5 /* Pods_ArticleApp.framework */ = {isa = PBXFileReference; explicitFileType = wrapper.framework; includeInIndex = 0; path = Pods_ArticleApp.framework; sourceTree = BUILT_PRODUCTS_DIR; };
		8DBB2CEA2893A60C00E77F4F /* ArticleApp.app */ = {isa = PBXFileReference; explicitFileType = wrapper.application; includeInIndex = 0; path = ArticleApp.app; sourceTree = BUILT_PRODUCTS_DIR; };
		8DBB2CED2893A60C00E77F4F /* AppDelegate.swift */ = {isa = PBXFileReference; lastKnownFileType = sourcecode.swift; path = AppDelegate.swift; sourceTree = "<group>"; };
		8DBB2CEF2893A60C00E77F4F /* SceneDelegate.swift */ = {isa = PBXFileReference; lastKnownFileType = sourcecode.swift; path = SceneDelegate.swift; sourceTree = "<group>"; };
		8DBB2CF42893A60C00E77F4F /* Base */ = {isa = PBXFileReference; lastKnownFileType = file.storyboard; name = Base; path = Base.lproj/Main.storyboard; sourceTree = "<group>"; };
		8DBB2CF62893A60D00E77F4F /* Assets.xcassets */ = {isa = PBXFileReference; lastKnownFileType = folder.assetcatalog; path = Assets.xcassets; sourceTree = "<group>"; };
		8DBB2CF92893A60D00E77F4F /* Base */ = {isa = PBXFileReference; lastKnownFileType = file.storyboard; name = Base; path = Base.lproj/LaunchScreen.storyboard; sourceTree = "<group>"; };
		8DBB2CFB2893A60D00E77F4F /* Info.plist */ = {isa = PBXFileReference; lastKnownFileType = text.plist.xml; path = Info.plist; sourceTree = "<group>"; };
		8DBB2D042893A65400E77F4F /* Api.swift */ = {isa = PBXFileReference; lastKnownFileType = sourcecode.swift; path = Api.swift; sourceTree = "<group>"; };
		8DBB2D072893A86900E77F4F /* Constants.swift */ = {isa = PBXFileReference; lastKnownFileType = sourcecode.swift; path = Constants.swift; sourceTree = "<group>"; };
		8DBB2D092893A90600E77F4F /* Environment.swift */ = {isa = PBXFileReference; lastKnownFileType = sourcecode.swift; path = Environment.swift; sourceTree = "<group>"; };
		8DBB2D0B2893AD3F00E77F4F /* NYErrors.swift */ = {isa = PBXFileReference; lastKnownFileType = sourcecode.swift; path = NYErrors.swift; sourceTree = "<group>"; };
		8DBB2D0E2893AF4400E77F4F /* Article.swift */ = {isa = PBXFileReference; lastKnownFileType = sourcecode.swift; path = Article.swift; sourceTree = "<group>"; };
		8DBB2D112893B1C500E77F4F /* ArticleViewModel.swift */ = {isa = PBXFileReference; lastKnownFileType = sourcecode.swift; path = ArticleViewModel.swift; sourceTree = "<group>"; };
		8DBB2D142893B39200E77F4F /* GenericTableViewDataSource.swift */ = {isa = PBXFileReference; lastKnownFileType = sourcecode.swift; path = GenericTableViewDataSource.swift; sourceTree = "<group>"; };
		8DBB2D1B2893B41500E77F4F /* ArticleTableViewCell.swift */ = {isa = PBXFileReference; lastKnownFileType = sourcecode.swift; path = ArticleTableViewCell.swift; sourceTree = "<group>"; };
		8DBB2D1D2893B48400E77F4F /* ArticleListViewController.swift */ = {isa = PBXFileReference; lastKnownFileType = sourcecode.swift; path = ArticleListViewController.swift; sourceTree = "<group>"; };
		8DBB2D212893B6F000E77F4F /* UIImageView+Download Extension.swift */ = {isa = PBXFileReference; lastKnownFileType = sourcecode.swift; path = "UIImageView+Download Extension.swift"; sourceTree = "<group>"; };
		8DBB2D242893B8AB00E77F4F /* ArticleApi.swift */ = {isa = PBXFileReference; lastKnownFileType = sourcecode.swift; path = ArticleApi.swift; sourceTree = "<group>"; };
		8DBB2D262893CBCD00E77F4F /* UIView+IBInspectable.swift */ = {isa = PBXFileReference; lastKnownFileType = sourcecode.swift; path = "UIView+IBInspectable.swift"; sourceTree = "<group>"; };
		8DDB58A528964758001A97A1 /* ArticleDetailViewController.swift */ = {isa = PBXFileReference; lastKnownFileType = sourcecode.swift; path = ArticleDetailViewController.swift; sourceTree = "<group>"; };
		8DDB58A728968818001A97A1 /* UIViewController+Alert.swift */ = {isa = PBXFileReference; lastKnownFileType = sourcecode.swift; path = "UIViewController+Alert.swift"; sourceTree = "<group>"; };
		8DDB58AD28969C00001A97A1 /* ArticleAppTests.xctest */ = {isa = PBXFileReference; explicitFileType = wrapper.cfbundle; includeInIndex = 0; path = ArticleAppTests.xctest; sourceTree = BUILT_PRODUCTS_DIR; };
		8DDB58AF28969C00001A97A1 /* ArticleAppTests.swift */ = {isa = PBXFileReference; lastKnownFileType = sourcecode.swift; path = ArticleAppTests.swift; sourceTree = "<group>"; };
		8DDB58C42896B25E001A97A1 /* ArticlListTests.swift */ = {isa = PBXFileReference; lastKnownFileType = sourcecode.swift; path = ArticlListTests.swift; sourceTree = "<group>"; };
		A3DD36B7FB9B70188A9E3480 /* Pods-ArticleApp.debug.xcconfig */ = {isa = PBXFileReference; includeInIndex = 1; lastKnownFileType = text.xcconfig; name = "Pods-ArticleApp.debug.xcconfig"; path = "Target Support Files/Pods-ArticleApp/Pods-ArticleApp.debug.xcconfig"; sourceTree = "<group>"; };
		C43C2B6593A72293DDC6EFCC /* Pods-ArticleAppTests.release.xcconfig */ = {isa = PBXFileReference; includeInIndex = 1; lastKnownFileType = text.xcconfig; name = "Pods-ArticleAppTests.release.xcconfig"; path = "Target Support Files/Pods-ArticleAppTests/Pods-ArticleAppTests.release.xcconfig"; sourceTree = "<group>"; };
		C5E22ACFB0C3A36E07763FBA /* Pods-ArticleAppTests.debug.xcconfig */ = {isa = PBXFileReference; includeInIndex = 1; lastKnownFileType = text.xcconfig; name = "Pods-ArticleAppTests.debug.xcconfig"; path = "Target Support Files/Pods-ArticleAppTests/Pods-ArticleAppTests.debug.xcconfig"; sourceTree = "<group>"; };
		EC565A2716E1FE7BF6CA4B06 /* Pods-ArticleApp.release.xcconfig */ = {isa = PBXFileReference; includeInIndex = 1; lastKnownFileType = text.xcconfig; name = "Pods-ArticleApp.release.xcconfig"; path = "Target Support Files/Pods-ArticleApp/Pods-ArticleApp.release.xcconfig"; sourceTree = "<group>"; };
/* End PBXFileReference section */

/* Begin PBXFrameworksBuildPhase section */
		8DBB2CE72893A60C00E77F4F /* Frameworks */ = {
			isa = PBXFrameworksBuildPhase;
			buildActionMask = 2147483647;
			files = (
				B27EE5C91253A5F7A4B2D608 /* Pods_ArticleApp.framework in Frameworks */,
			);
			runOnlyForDeploymentPostprocessing = 0;
		};
		8DDB58AA28969C00001A97A1 /* Frameworks */ = {
			isa = PBXFrameworksBuildPhase;
			buildActionMask = 2147483647;
			files = (
				FA0355CC34EDF7F2791C50CB /* Pods_ArticleAppTests.framework in Frameworks */,
			);
			runOnlyForDeploymentPostprocessing = 0;
		};
/* End PBXFrameworksBuildPhase section */

/* Begin PBXGroup section */
		1D9EC70A1FE716B22F270E55 /* Pods */ = {
			isa = PBXGroup;
			children = (
				A3DD36B7FB9B70188A9E3480 /* Pods-ArticleApp.debug.xcconfig */,
				EC565A2716E1FE7BF6CA4B06 /* Pods-ArticleApp.release.xcconfig */,
				C5E22ACFB0C3A36E07763FBA /* Pods-ArticleAppTests.debug.xcconfig */,
				C43C2B6593A72293DDC6EFCC /* Pods-ArticleAppTests.release.xcconfig */,
			);
			path = Pods;
			sourceTree = "<group>";
		};
		46A12E18FAE0E3BFF5587C11 /* Frameworks */ = {
			isa = PBXGroup;
			children = (
				550386CCA906369B3A5765E5 /* Pods_ArticleApp.framework */,
				294E9732A4B533569271D2E3 /* Pods_ArticleAppTests.framework */,
			);
			name = Frameworks;
			sourceTree = "<group>";
		};
		8DBB2CE12893A60C00E77F4F = {
			isa = PBXGroup;
			children = (
				8DBB2CEC2893A60C00E77F4F /* ArticleApp */,
				8DDB58AE28969C00001A97A1 /* ArticleAppTests */,
				8DBB2CEB2893A60C00E77F4F /* Products */,
				1D9EC70A1FE716B22F270E55 /* Pods */,
				46A12E18FAE0E3BFF5587C11 /* Frameworks */,
			);
			sourceTree = "<group>";
		};
		8DBB2CEB2893A60C00E77F4F /* Products */ = {
			isa = PBXGroup;
			children = (
				8DBB2CEA2893A60C00E77F4F /* ArticleApp.app */,
				8DDB58AD28969C00001A97A1 /* ArticleAppTests.xctest */,
			);
			name = Products;
			sourceTree = "<group>";
		};
		8DBB2CEC2893A60C00E77F4F /* ArticleApp */ = {
			isa = PBXGroup;
			children = (
				8DBB2D1F2893B6BE00E77F4F /* Helpers */,
				8DBB2D162893B3AB00E77F4F /* Modules */,
				8DBB2D132893B37900E77F4F /* Generic Classes */,
				8DBB2D062893A84500E77F4F /* Utility */,
				8DBB2D012893A61C00E77F4F /* Network */,
				8DBB2CED2893A60C00E77F4F /* AppDelegate.swift */,
				8DBB2CEF2893A60C00E77F4F /* SceneDelegate.swift */,
				8DBB2CF32893A60C00E77F4F /* Main.storyboard */,
				8DBB2CF62893A60D00E77F4F /* Assets.xcassets */,
				8DBB2CF82893A60D00E77F4F /* LaunchScreen.storyboard */,
				8DBB2CFB2893A60D00E77F4F /* Info.plist */,
			);
			path = ArticleApp;
			sourceTree = "<group>";
		};
		8DBB2D012893A61C00E77F4F /* Network */ = {
			isa = PBXGroup;
			children = (
				8DBB2D042893A65400E77F4F /* Api.swift */,
				8DBB2D0B2893AD3F00E77F4F /* NYErrors.swift */,
			);
			path = Network;
			sourceTree = "<group>";
		};
		8DBB2D062893A84500E77F4F /* Utility */ = {
			isa = PBXGroup;
			children = (
				8DBB2D072893A86900E77F4F /* Constants.swift */,
				8DBB2D092893A90600E77F4F /* Environment.swift */,
			);
			path = Utility;
			sourceTree = "<group>";
		};
		8DBB2D0D2893AF3300E77F4F /* Models */ = {
			isa = PBXGroup;
			children = (
				8DBB2D0E2893AF4400E77F4F /* Article.swift */,
			);
			path = Models;
			sourceTree = "<group>";
		};
		8DBB2D102893B1B400E77F4F /* ViewModels */ = {
			isa = PBXGroup;
			children = (
				8DBB2D112893B1C500E77F4F /* ArticleViewModel.swift */,
			);
			path = ViewModels;
			sourceTree = "<group>";
		};
		8DBB2D132893B37900E77F4F /* Generic Classes */ = {
			isa = PBXGroup;
			children = (
				8DBB2D142893B39200E77F4F /* GenericTableViewDataSource.swift */,
			);
			path = "Generic Classes";
			sourceTree = "<group>";
		};
		8DBB2D162893B3AB00E77F4F /* Modules */ = {
			isa = PBXGroup;
			children = (
				8DDB58A228964713001A97A1 /* Artcle Details */,
				8DBB2D172893B3B500E77F4F /* Most Viewed Articles */,
			);
			path = Modules;
			sourceTree = "<group>";
		};
		8DBB2D172893B3B500E77F4F /* Most Viewed Articles */ = {
			isa = PBXGroup;
			children = (
				8DBB2D232893B89C00E77F4F /* api */,
				8DBB2D192893B3D400E77F4F /* ViewControllers */,
				8DBB2D182893B3C900E77F4F /* Views */,
				8DBB2D0D2893AF3300E77F4F /* Models */,
				8DBB2D102893B1B400E77F4F /* ViewModels */,
			);
			path = "Most Viewed Articles";
			sourceTree = "<group>";
		};
		8DBB2D182893B3C900E77F4F /* Views */ = {
			isa = PBXGroup;
			children = (
				8DBB2D1A2893B40600E77F4F /* Cells */,
			);
			path = Views;
			sourceTree = "<group>";
		};
		8DBB2D192893B3D400E77F4F /* ViewControllers */ = {
			isa = PBXGroup;
			children = (
				8DBB2D1D2893B48400E77F4F /* ArticleListViewController.swift */,
			);
			path = ViewControllers;
			sourceTree = "<group>";
		};
		8DBB2D1A2893B40600E77F4F /* Cells */ = {
			isa = PBXGroup;
			children = (
				8DBB2D1B2893B41500E77F4F /* ArticleTableViewCell.swift */,
			);
			path = Cells;
			sourceTree = "<group>";
		};
		8DBB2D1F2893B6BE00E77F4F /* Helpers */ = {
			isa = PBXGroup;
			children = (
				8DBB2D202893B6C400E77F4F /* Extensions */,
			);
			path = Helpers;
			sourceTree = "<group>";
		};
		8DBB2D202893B6C400E77F4F /* Extensions */ = {
			isa = PBXGroup;
			children = (
				8DBB2D212893B6F000E77F4F /* UIImageView+Download Extension.swift */,
				8DBB2D262893CBCD00E77F4F /* UIView+IBInspectable.swift */,
				8DDB58A728968818001A97A1 /* UIViewController+Alert.swift */,
			);
			path = Extensions;
			sourceTree = "<group>";
		};
		8DBB2D232893B89C00E77F4F /* api */ = {
			isa = PBXGroup;
			children = (
				8DBB2D242893B8AB00E77F4F /* ArticleApi.swift */,
			);
			path = api;
			sourceTree = "<group>";
		};
		8DDB58A228964713001A97A1 /* Artcle Details */ = {
			isa = PBXGroup;
			children = (
				8DDB58A32896472B001A97A1 /* ViewController */,
			);
			path = "Artcle Details";
			sourceTree = "<group>";
		};
		8DDB58A32896472B001A97A1 /* ViewController */ = {
			isa = PBXGroup;
			children = (
				8DDB58A528964758001A97A1 /* ArticleDetailViewController.swift */,
			);
			path = ViewController;
			sourceTree = "<group>";
		};
		8DDB58AE28969C00001A97A1 /* ArticleAppTests */ = {
			isa = PBXGroup;
			children = (
				8DDB58AF28969C00001A97A1 /* ArticleAppTests.swift */,
				8DDB58C42896B25E001A97A1 /* ArticlListTests.swift */,
			);
			path = ArticleAppTests;
			sourceTree = "<group>";
		};
/* End PBXGroup section */

/* Begin PBXNativeTarget section */
		8DBB2CE92893A60C00E77F4F /* ArticleApp */ = {
			isa = PBXNativeTarget;
			buildConfigurationList = 8DBB2CFE2893A60D00E77F4F /* Build configuration list for PBXNativeTarget "ArticleApp" */;
			buildPhases = (
				B57C39BEEB6ABD387397F0D5 /* [CP] Check Pods Manifest.lock */,
				8DBB2CE62893A60C00E77F4F /* Sources */,
				8DBB2CE72893A60C00E77F4F /* Frameworks */,
				8DBB2CE82893A60C00E77F4F /* Resources */,
				0686A85EC276DFA70075E9EA /* [CP] Embed Pods Frameworks */,
			);
			buildRules = (
			);
			dependencies = (
			);
			name = ArticleApp;
			productName = ArticleApp;
			productReference = 8DBB2CEA2893A60C00E77F4F /* ArticleApp.app */;
			productType = "com.apple.product-type.application";
		};
		8DDB58AC28969C00001A97A1 /* ArticleAppTests */ = {
			isa = PBXNativeTarget;
			buildConfigurationList = 8DDB58B328969C00001A97A1 /* Build configuration list for PBXNativeTarget "ArticleAppTests" */;
			buildPhases = (
				35D63C23904215EBA44270F1 /* [CP] Check Pods Manifest.lock */,
				8DDB58A928969C00001A97A1 /* Sources */,
				8DDB58AA28969C00001A97A1 /* Frameworks */,
				8DDB58AB28969C00001A97A1 /* Resources */,
				DBD14638842A13227F250794 /* [CP] Embed Pods Frameworks */,
			);
			buildRules = (
			);
			dependencies = (
				8DDB58B228969C00001A97A1 /* PBXTargetDependency */,
			);
			name = ArticleAppTests;
			productName = ArticleAppTests;
			productReference = 8DDB58AD28969C00001A97A1 /* ArticleAppTests.xctest */;
			productType = "com.apple.product-type.bundle.unit-test";
		};
/* End PBXNativeTarget section */

/* Begin PBXProject section */
		8DBB2CE22893A60C00E77F4F /* Project object */ = {
			isa = PBXProject;
			attributes = {
				BuildIndependentTargetsInParallel = 1;
				LastSwiftUpdateCheck = 1320;
				LastUpgradeCheck = 1320;
				TargetAttributes = {
					8DBB2CE92893A60C00E77F4F = {
						CreatedOnToolsVersion = 13.2.1;
					};
					8DDB58AC28969C00001A97A1 = {
						CreatedOnToolsVersion = 13.2.1;
						TestTargetID = 8DBB2CE92893A60C00E77F4F;
					};
				};
			};
			buildConfigurationList = 8DBB2CE52893A60C00E77F4F /* Build configuration list for PBXProject "ArticleApp" */;
			compatibilityVersion = "Xcode 13.0";
			developmentRegion = en;
			hasScannedForEncodings = 0;
			knownRegions = (
				en,
				Base,
			);
			mainGroup = 8DBB2CE12893A60C00E77F4F;
			productRefGroup = 8DBB2CEB2893A60C00E77F4F /* Products */;
			projectDirPath = "";
			projectRoot = "";
			targets = (
				8DBB2CE92893A60C00E77F4F /* ArticleApp */,
				8DDB58AC28969C00001A97A1 /* ArticleAppTests */,
			);
		};
/* End PBXProject section */

/* Begin PBXResourcesBuildPhase section */
		8DBB2CE82893A60C00E77F4F /* Resources */ = {
			isa = PBXResourcesBuildPhase;
			buildActionMask = 2147483647;
			files = (
				8DBB2CFA2893A60D00E77F4F /* LaunchScreen.storyboard in Resources */,
				8DBB2CF72893A60D00E77F4F /* Assets.xcassets in Resources */,
				8DBB2CF52893A60C00E77F4F /* Main.storyboard in Resources */,
			);
			runOnlyForDeploymentPostprocessing = 0;
		};
		8DDB58AB28969C00001A97A1 /* Resources */ = {
			isa = PBXResourcesBuildPhase;
			buildActionMask = 2147483647;
			files = (
			);
			runOnlyForDeploymentPostprocessing = 0;
		};
/* End PBXResourcesBuildPhase section */

/* Begin PBXShellScriptBuildPhase section */
		0686A85EC276DFA70075E9EA /* [CP] Embed Pods Frameworks */ = {
			isa = PBXShellScriptBuildPhase;
			buildActionMask = 2147483647;
			files = (
			);
			inputFileListPaths = (
				"${PODS_ROOT}/Target Support Files/Pods-ArticleApp/Pods-ArticleApp-frameworks-${CONFIGURATION}-input-files.xcfilelist",
			);
			name = "[CP] Embed Pods Frameworks";
			outputFileListPaths = (
				"${PODS_ROOT}/Target Support Files/Pods-ArticleApp/Pods-ArticleApp-frameworks-${CONFIGURATION}-output-files.xcfilelist",
			);
			runOnlyForDeploymentPostprocessing = 0;
			shellPath = /bin/sh;
			shellScript = "\"${PODS_ROOT}/Target Support Files/Pods-ArticleApp/Pods-ArticleApp-frameworks.sh\"\n";
			showEnvVarsInLog = 0;
		};
		35D63C23904215EBA44270F1 /* [CP] Check Pods Manifest.lock */ = {
			isa = PBXShellScriptBuildPhase;
			buildActionMask = 2147483647;
			files = (
			);
			inputFileListPaths = (
			);
			inputPaths = (
				"${PODS_PODFILE_DIR_PATH}/Podfile.lock",
				"${PODS_ROOT}/Manifest.lock",
			);
			name = "[CP] Check Pods Manifest.lock";
			outputFileListPaths = (
			);
			outputPaths = (
				"$(DERIVED_FILE_DIR)/Pods-ArticleAppTests-checkManifestLockResult.txt",
			);
			runOnlyForDeploymentPostprocessing = 0;
			shellPath = /bin/sh;
			shellScript = "diff \"${PODS_PODFILE_DIR_PATH}/Podfile.lock\" \"${PODS_ROOT}/Manifest.lock\" > /dev/null\nif [ $? != 0 ] ; then\n    # print error to STDERR\n    echo \"error: The sandbox is not in sync with the Podfile.lock. Run 'pod install' or update your CocoaPods installation.\" >&2\n    exit 1\nfi\n# This output is used by Xcode 'outputs' to avoid re-running this script phase.\necho \"SUCCESS\" > \"${SCRIPT_OUTPUT_FILE_0}\"\n";
			showEnvVarsInLog = 0;
		};
		B57C39BEEB6ABD387397F0D5 /* [CP] Check Pods Manifest.lock */ = {
			isa = PBXShellScriptBuildPhase;
			buildActionMask = 2147483647;
			files = (
			);
			inputFileListPaths = (
			);
			inputPaths = (
				"${PODS_PODFILE_DIR_PATH}/Podfile.lock",
				"${PODS_ROOT}/Manifest.lock",
			);
			name = "[CP] Check Pods Manifest.lock";
			outputFileListPaths = (
			);
			outputPaths = (
				"$(DERIVED_FILE_DIR)/Pods-ArticleApp-checkManifestLockResult.txt",
			);
			runOnlyForDeploymentPostprocessing = 0;
			shellPath = /bin/sh;
			shellScript = "diff \"${PODS_PODFILE_DIR_PATH}/Podfile.lock\" \"${PODS_ROOT}/Manifest.lock\" > /dev/null\nif [ $? != 0 ] ; then\n    # print error to STDERR\n    echo \"error: The sandbox is not in sync with the Podfile.lock. Run 'pod install' or update your CocoaPods installation.\" >&2\n    exit 1\nfi\n# This output is used by Xcode 'outputs' to avoid re-running this script phase.\necho \"SUCCESS\" > \"${SCRIPT_OUTPUT_FILE_0}\"\n";
			showEnvVarsInLog = 0;
		};
		DBD14638842A13227F250794 /* [CP] Embed Pods Frameworks */ = {
			isa = PBXShellScriptBuildPhase;
			buildActionMask = 2147483647;
			files = (
			);
			inputFileListPaths = (
				"${PODS_ROOT}/Target Support Files/Pods-ArticleAppTests/Pods-ArticleAppTests-frameworks-${CONFIGURATION}-input-files.xcfilelist",
			);
			name = "[CP] Embed Pods Frameworks";
			outputFileListPaths = (
				"${PODS_ROOT}/Target Support Files/Pods-ArticleAppTests/Pods-ArticleAppTests-frameworks-${CONFIGURATION}-output-files.xcfilelist",
			);
			runOnlyForDeploymentPostprocessing = 0;
			shellPath = /bin/sh;
			shellScript = "\"${PODS_ROOT}/Target Support Files/Pods-ArticleAppTests/Pods-ArticleAppTests-frameworks.sh\"\n";
			showEnvVarsInLog = 0;
		};
/* End PBXShellScriptBuildPhase section */

/* Begin PBXSourcesBuildPhase section */
		8DBB2CE62893A60C00E77F4F /* Sources */ = {
			isa = PBXSourcesBuildPhase;
			buildActionMask = 2147483647;
			files = (
				8DBB2D082893A86900E77F4F /* Constants.swift in Sources */,
				8DBB2D0A2893A90600E77F4F /* Environment.swift in Sources */,
				8DBB2D152893B39200E77F4F /* GenericTableViewDataSource.swift in Sources */,
				8DDB58A828968818001A97A1 /* UIViewController+Alert.swift in Sources */,
				8DBB2CEE2893A60C00E77F4F /* AppDelegate.swift in Sources */,
				8DBB2D222893B6F000E77F4F /* UIImageView+Download Extension.swift in Sources */,
				8DDB58A628964758001A97A1 /* ArticleDetailViewController.swift in Sources */,
				8DBB2D1C2893B41500E77F4F /* ArticleTableViewCell.swift in Sources */,
				8DBB2D1E2893B48400E77F4F /* ArticleListViewController.swift in Sources */,
				8DBB2D0F2893AF4400E77F4F /* Article.swift in Sources */,
				8DBB2D252893B8AB00E77F4F /* ArticleApi.swift in Sources */,
				8DBB2D052893A65400E77F4F /* Api.swift in Sources */,
				8DBB2D122893B1C500E77F4F /* ArticleViewModel.swift in Sources */,
				8DBB2D272893CBCD00E77F4F /* UIView+IBInspectable.swift in Sources */,
				8DBB2D0C2893AD3F00E77F4F /* NYErrors.swift in Sources */,
				8DBB2CF02893A60C00E77F4F /* SceneDelegate.swift in Sources */,
			);
			runOnlyForDeploymentPostprocessing = 0;
		};
		8DDB58A928969C00001A97A1 /* Sources */ = {
			isa = PBXSourcesBuildPhase;
			buildActionMask = 2147483647;
			files = (
				8DDB58BE2896AEF3001A97A1 /* ArticleTableViewCell.swift in Sources */,
				8DDB58B72896AE9F001A97A1 /* ArticleApi.swift in Sources */,
				8DDB58C02896AEFD001A97A1 /* ArticleDetailViewController.swift in Sources */,
				8DDB58C52896B25E001A97A1 /* ArticlListTests.swift in Sources */,
				8DDB58C12896AF06001A97A1 /* UIViewController+Alert.swift in Sources */,
				8DDB58B82896AEAF001A97A1 /* NYErrors.swift in Sources */,
				8DDB58BF2896AEF6001A97A1 /* ArticleListViewController.swift in Sources */,
				8DDB58BD2896AEF1001A97A1 /* Article.swift in Sources */,
				8DDB58B028969C00001A97A1 /* ArticleAppTests.swift in Sources */,
				8DDB58BB2896AEE6001A97A1 /* Environment.swift in Sources */,
				8DDB58BC2896AEEB001A97A1 /* GenericTableViewDataSource.swift in Sources */,
				8DDB58C22896AF0A001A97A1 /* UIView+IBInspectable.swift in Sources */,
				8DDB58B92896AEC1001A97A1 /* Api.swift in Sources */,
				8DDB58B62896AE2E001A97A1 /* ArticleViewModel.swift in Sources */,
				8DDB58BA2896AEE4001A97A1 /* Constants.swift in Sources */,
				8DDB58C32896AF0C001A97A1 /* UIImageView+Download Extension.swift in Sources */,
			);
			runOnlyForDeploymentPostprocessing = 0;
		};
/* End PBXSourcesBuildPhase section */

/* Begin PBXTargetDependency section */
		8DDB58B228969C00001A97A1 /* PBXTargetDependency */ = {
			isa = PBXTargetDependency;
			target = 8DBB2CE92893A60C00E77F4F /* ArticleApp */;
			targetProxy = 8DDB58B128969C00001A97A1 /* PBXContainerItemProxy */;
		};
/* End PBXTargetDependency section */

/* Begin PBXVariantGroup section */
		8DBB2CF32893A60C00E77F4F /* Main.storyboard */ = {
			isa = PBXVariantGroup;
			children = (
				8DBB2CF42893A60C00E77F4F /* Base */,
			);
			name = Main.storyboard;
			sourceTree = "<group>";
		};
		8DBB2CF82893A60D00E77F4F /* LaunchScreen.storyboard */ = {
			isa = PBXVariantGroup;
			children = (
				8DBB2CF92893A60D00E77F4F /* Base */,
			);
			name = LaunchScreen.storyboard;
			sourceTree = "<group>";
		};
/* End PBXVariantGroup section */

/* Begin XCBuildConfiguration section */
		8DBB2CFC2893A60D00E77F4F /* Debug */ = {
			isa = XCBuildConfiguration;
			buildSettings = {
				ALWAYS_SEARCH_USER_PATHS = NO;
				CLANG_ANALYZER_NONNULL = YES;
				CLANG_ANALYZER_NUMBER_OBJECT_CONVERSION = YES_AGGRESSIVE;
				CLANG_CXX_LANGUAGE_STANDARD = "gnu++17";
				CLANG_CXX_LIBRARY = "libc++";
				CLANG_ENABLE_MODULES = YES;
				CLANG_ENABLE_OBJC_ARC = YES;
				CLANG_ENABLE_OBJC_WEAK = YES;
				CLANG_WARN_BLOCK_CAPTURE_AUTORELEASING = YES;
				CLANG_WARN_BOOL_CONVERSION = YES;
				CLANG_WARN_COMMA = YES;
				CLANG_WARN_CONSTANT_CONVERSION = YES;
				CLANG_WARN_DEPRECATED_OBJC_IMPLEMENTATIONS = YES;
				CLANG_WARN_DIRECT_OBJC_ISA_USAGE = YES_ERROR;
				CLANG_WARN_DOCUMENTATION_COMMENTS = YES;
				CLANG_WARN_EMPTY_BODY = YES;
				CLANG_WARN_ENUM_CONVERSION = YES;
				CLANG_WARN_INFINITE_RECURSION = YES;
				CLANG_WARN_INT_CONVERSION = YES;
				CLANG_WARN_NON_LITERAL_NULL_CONVERSION = YES;
				CLANG_WARN_OBJC_IMPLICIT_RETAIN_SELF = YES;
				CLANG_WARN_OBJC_LITERAL_CONVERSION = YES;
				CLANG_WARN_OBJC_ROOT_CLASS = YES_ERROR;
				CLANG_WARN_QUOTED_INCLUDE_IN_FRAMEWORK_HEADER = YES;
				CLANG_WARN_RANGE_LOOP_ANALYSIS = YES;
				CLANG_WARN_STRICT_PROTOTYPES = YES;
				CLANG_WARN_SUSPICIOUS_MOVE = YES;
				CLANG_WARN_UNGUARDED_AVAILABILITY = YES_AGGRESSIVE;
				CLANG_WARN_UNREACHABLE_CODE = YES;
				CLANG_WARN__DUPLICATE_METHOD_MATCH = YES;
				COPY_PHASE_STRIP = NO;
				DEBUG_INFORMATION_FORMAT = dwarf;
				ENABLE_STRICT_OBJC_MSGSEND = YES;
				ENABLE_TESTABILITY = YES;
				GCC_C_LANGUAGE_STANDARD = gnu11;
				GCC_DYNAMIC_NO_PIC = NO;
				GCC_NO_COMMON_BLOCKS = YES;
				GCC_OPTIMIZATION_LEVEL = 0;
				GCC_PREPROCESSOR_DEFINITIONS = (
					"DEBUG=1",
					"$(inherited)",
				);
				GCC_WARN_64_TO_32_BIT_CONVERSION = YES;
				GCC_WARN_ABOUT_RETURN_TYPE = YES_ERROR;
				GCC_WARN_UNDECLARED_SELECTOR = YES;
				GCC_WARN_UNINITIALIZED_AUTOS = YES_AGGRESSIVE;
				GCC_WARN_UNUSED_FUNCTION = YES;
				GCC_WARN_UNUSED_VARIABLE = YES;
				IPHONEOS_DEPLOYMENT_TARGET = 15.2;
				MTL_ENABLE_DEBUG_INFO = INCLUDE_SOURCE;
				MTL_FAST_MATH = YES;
				ONLY_ACTIVE_ARCH = YES;
				SDKROOT = iphoneos;
				SWIFT_ACTIVE_COMPILATION_CONDITIONS = DEBUG;
				SWIFT_OPTIMIZATION_LEVEL = "-Onone";
			};
			name = Debug;
		};
		8DBB2CFD2893A60D00E77F4F /* Release */ = {
			isa = XCBuildConfiguration;
			buildSettings = {
				ALWAYS_SEARCH_USER_PATHS = NO;
				CLANG_ANALYZER_NONNULL = YES;
				CLANG_ANALYZER_NUMBER_OBJECT_CONVERSION = YES_AGGRESSIVE;
				CLANG_CXX_LANGUAGE_STANDARD = "gnu++17";
				CLANG_CXX_LIBRARY = "libc++";
				CLANG_ENABLE_MODULES = YES;
				CLANG_ENABLE_OBJC_ARC = YES;
				CLANG_ENABLE_OBJC_WEAK = YES;
				CLANG_WARN_BLOCK_CAPTURE_AUTORELEASING = YES;
				CLANG_WARN_BOOL_CONVERSION = YES;
				CLANG_WARN_COMMA = YES;
				CLANG_WARN_CONSTANT_CONVERSION = YES;
				CLANG_WARN_DEPRECATED_OBJC_IMPLEMENTATIONS = YES;
				CLANG_WARN_DIRECT_OBJC_ISA_USAGE = YES_ERROR;
				CLANG_WARN_DOCUMENTATION_COMMENTS = YES;
				CLANG_WARN_EMPTY_BODY = YES;
				CLANG_WARN_ENUM_CONVERSION = YES;
				CLANG_WARN_INFINITE_RECURSION = YES;
				CLANG_WARN_INT_CONVERSION = YES;
				CLANG_WARN_NON_LITERAL_NULL_CONVERSION = YES;
				CLANG_WARN_OBJC_IMPLICIT_RETAIN_SELF = YES;
				CLANG_WARN_OBJC_LITERAL_CONVERSION = YES;
				CLANG_WARN_OBJC_ROOT_CLASS = YES_ERROR;
				CLANG_WARN_QUOTED_INCLUDE_IN_FRAMEWORK_HEADER = YES;
				CLANG_WARN_RANGE_LOOP_ANALYSIS = YES;
				CLANG_WARN_STRICT_PROTOTYPES = YES;
				CLANG_WARN_SUSPICIOUS_MOVE = YES;
				CLANG_WARN_UNGUARDED_AVAILABILITY = YES_AGGRESSIVE;
				CLANG_WARN_UNREACHABLE_CODE = YES;
				CLANG_WARN__DUPLICATE_METHOD_MATCH = YES;
				COPY_PHASE_STRIP = NO;
				DEBUG_INFORMATION_FORMAT = "dwarf-with-dsym";
				ENABLE_NS_ASSERTIONS = NO;
				ENABLE_STRICT_OBJC_MSGSEND = YES;
				GCC_C_LANGUAGE_STANDARD = gnu11;
				GCC_NO_COMMON_BLOCKS = YES;
				GCC_WARN_64_TO_32_BIT_CONVERSION = YES;
				GCC_WARN_ABOUT_RETURN_TYPE = YES_ERROR;
				GCC_WARN_UNDECLARED_SELECTOR = YES;
				GCC_WARN_UNINITIALIZED_AUTOS = YES_AGGRESSIVE;
				GCC_WARN_UNUSED_FUNCTION = YES;
				GCC_WARN_UNUSED_VARIABLE = YES;
				IPHONEOS_DEPLOYMENT_TARGET = 15.2;
				MTL_ENABLE_DEBUG_INFO = NO;
				MTL_FAST_MATH = YES;
				SDKROOT = iphoneos;
				SWIFT_COMPILATION_MODE = wholemodule;
				SWIFT_OPTIMIZATION_LEVEL = "-O";
				VALIDATE_PRODUCT = YES;
			};
			name = Release;
		};
		8DBB2CFF2893A60D00E77F4F /* Debug */ = {
			isa = XCBuildConfiguration;
			baseConfigurationReference = A3DD36B7FB9B70188A9E3480 /* Pods-ArticleApp.debug.xcconfig */;
			buildSettings = {
				ASSETCATALOG_COMPILER_APPICON_NAME = AppIcon;
				ASSETCATALOG_COMPILER_GLOBAL_ACCENT_COLOR_NAME = AccentColor;
				CODE_SIGN_STYLE = Automatic;
				CURRENT_PROJECT_VERSION = 1;
				DEVELOPMENT_TEAM = "";
				GENERATE_INFOPLIST_FILE = YES;
				INFOPLIST_FILE = ArticleApp/Info.plist;
				INFOPLIST_KEY_UIApplicationSupportsIndirectInputEvents = YES;
				INFOPLIST_KEY_UILaunchStoryboardName = LaunchScreen;
				INFOPLIST_KEY_UIMainStoryboardFile = Main;
				INFOPLIST_KEY_UISupportedInterfaceOrientations_iPad = "UIInterfaceOrientationPortrait UIInterfaceOrientationPortraitUpsideDown UIInterfaceOrientationLandscapeLeft UIInterfaceOrientationLandscapeRight";
				INFOPLIST_KEY_UISupportedInterfaceOrientations_iPhone = "UIInterfaceOrientationPortrait UIInterfaceOrientationLandscapeLeft UIInterfaceOrientationLandscapeRight";
				LD_RUNPATH_SEARCH_PATHS = (
					"$(inherited)",
					"@executable_path/Frameworks",
				);
				MARKETING_VERSION = 1.0;
				PRODUCT_BUNDLE_IDENTIFIER = com.vanshika.ArticleApp;
				PRODUCT_NAME = "$(TARGET_NAME)";
				SWIFT_EMIT_LOC_STRINGS = YES;
				SWIFT_VERSION = 5.0;
				TARGETED_DEVICE_FAMILY = "1,2";
			};
			name = Debug;
		};
		8DBB2D002893A60D00E77F4F /* Release */ = {
			isa = XCBuildConfiguration;
			baseConfigurationReference = EC565A2716E1FE7BF6CA4B06 /* Pods-ArticleApp.release.xcconfig */;
			buildSettings = {
				ASSETCATALOG_COMPILER_APPICON_NAME = AppIcon;
				ASSETCATALOG_COMPILER_GLOBAL_ACCENT_COLOR_NAME = AccentColor;
				CODE_SIGN_STYLE = Automatic;
				CURRENT_PROJECT_VERSION = 1;
				DEVELOPMENT_TEAM = T63NX4MFD8;
				GENERATE_INFOPLIST_FILE = YES;
				INFOPLIST_FILE = ArticleApp/Info.plist;
				INFOPLIST_KEY_UIApplicationSupportsIndirectInputEvents = YES;
				INFOPLIST_KEY_UILaunchStoryboardName = LaunchScreen;
				INFOPLIST_KEY_UIMainStoryboardFile = Main;
				INFOPLIST_KEY_UISupportedInterfaceOrientations_iPad = "UIInterfaceOrientationPortrait UIInterfaceOrientationPortraitUpsideDown UIInterfaceOrientationLandscapeLeft UIInterfaceOrientationLandscapeRight";
				INFOPLIST_KEY_UISupportedInterfaceOrientations_iPhone = "UIInterfaceOrientationPortrait UIInterfaceOrientationLandscapeLeft UIInterfaceOrientationLandscapeRight";
				LD_RUNPATH_SEARCH_PATHS = (
					"$(inherited)",
					"@executable_path/Frameworks",
				);
				MARKETING_VERSION = 1.0;
				PRODUCT_BUNDLE_IDENTIFIER = com.vanshika.ArticleApp;
				PRODUCT_NAME = "$(TARGET_NAME)";
				SWIFT_EMIT_LOC_STRINGS = YES;
				SWIFT_VERSION = 5.0;
				TARGETED_DEVICE_FAMILY = "1,2";
			};
			name = Release;
		};
		8DDB58B428969C00001A97A1 /* Debug */ = {
			isa = XCBuildConfiguration;
			baseConfigurationReference = C5E22ACFB0C3A36E07763FBA /* Pods-ArticleAppTests.debug.xcconfig */;
			buildSettings = {
				BUNDLE_LOADER = "$(TEST_HOST)";
				CODE_SIGN_STYLE = Automatic;
				CURRENT_PROJECT_VERSION = 1;
				GENERATE_INFOPLIST_FILE = YES;
				MARKETING_VERSION = 1.0;
				PRODUCT_BUNDLE_IDENTIFIER = com.vanshika.ArticleAppTests;
				PRODUCT_NAME = "$(TARGET_NAME)";
				SWIFT_EMIT_LOC_STRINGS = NO;
				SWIFT_VERSION = 5.0;
				TARGETED_DEVICE_FAMILY = "1,2";
				TEST_HOST = "$(BUILT_PRODUCTS_DIR)/ArticleApp.app/ArticleApp";
			};
			name = Debug;
		};
		8DDB58B528969C00001A97A1 /* Release */ = {
			isa = XCBuildConfiguration;
			baseConfigurationReference = C43C2B6593A72293DDC6EFCC /* Pods-ArticleAppTests.release.xcconfig */;
			buildSettings = {
				BUNDLE_LOADER = "$(TEST_HOST)";
				CODE_SIGN_STYLE = Automatic;
				CURRENT_PROJECT_VERSION = 1;
				GENERATE_INFOPLIST_FILE = YES;
				MARKETING_VERSION = 1.0;
				PRODUCT_BUNDLE_IDENTIFIER = com.vanshika.ArticleAppTests;
				PRODUCT_NAME = "$(TARGET_NAME)";
				SWIFT_EMIT_LOC_STRINGS = NO;
				SWIFT_VERSION = 5.0;
				TARGETED_DEVICE_FAMILY = "1,2";
				TEST_HOST = "$(BUILT_PRODUCTS_DIR)/ArticleApp.app/ArticleApp";
			};
			name = Release;
		};
/* End XCBuildConfiguration section */

/* Begin XCConfigurationList section */
		8DBB2CE52893A60C00E77F4F /* Build configuration list for PBXProject "ArticleApp" */ = {
			isa = XCConfigurationList;
			buildConfigurations = (
				8DBB2CFC2893A60D00E77F4F /* Debug */,
				8DBB2CFD2893A60D00E77F4F /* Release */,
			);
			defaultConfigurationIsVisible = 0;
			defaultConfigurationName = Release;
		};
		8DBB2CFE2893A60D00E77F4F /* Build configuration list for PBXNativeTarget "ArticleApp" */ = {
			isa = XCConfigurationList;
			buildConfigurations = (
				8DBB2CFF2893A60D00E77F4F /* Debug */,
				8DBB2D002893A60D00E77F4F /* Release */,
			);
			defaultConfigurationIsVisible = 0;
			defaultConfigurationName = Release;
		};
		8DDB58B328969C00001A97A1 /* Build configuration list for PBXNativeTarget "ArticleAppTests" */ = {
			isa = XCConfigurationList;
			buildConfigurations = (
				8DDB58B428969C00001A97A1 /* Debug */,
				8DDB58B528969C00001A97A1 /* Release */,
			);
			defaultConfigurationIsVisible = 0;
			defaultConfigurationName = Release;
		};
/* End XCConfigurationList section */
	};
	rootObject = 8DBB2CE22893A60C00E77F4F /* Project object */;
}
